// !$*UTF8*$!
{
	archiveVersion = 1;
	classes = {
	};
	objectVersion = 50;
	objects = {

/* Begin PBXBuildFile section */
		5408D584225FE5F0000FAA09 /* LargeAsteroidView.swift in Sources */ = {isa = PBXBuildFile; fileRef = 5408D583225FE5F0000FAA09 /* LargeAsteroidView.swift */; };
		5418F2202256D32600BCDFD1 /* AppDelegate.swift in Sources */ = {isa = PBXBuildFile; fileRef = 5418F21F2256D32600BCDFD1 /* AppDelegate.swift */; };
		5418F2272256D32800BCDFD1 /* Assets.xcassets in Resources */ = {isa = PBXBuildFile; fileRef = 5418F2262256D32800BCDFD1 /* Assets.xcassets */; };
		5418F22A2256D32800BCDFD1 /* LaunchScreen.storyboard in Resources */ = {isa = PBXBuildFile; fileRef = 5418F2282256D32800BCDFD1 /* LaunchScreen.storyboard */; };
		5418F2322256D35700BCDFD1 /* GameView.swift in Sources */ = {isa = PBXBuildFile; fileRef = 5418F2312256D35700BCDFD1 /* GameView.swift */; };
		5418F2342256D37100BCDFD1 /* GameViewController.swift in Sources */ = {isa = PBXBuildFile; fileRef = 5418F2332256D37100BCDFD1 /* GameViewController.swift */; };
		5418F2362256D48500BCDFD1 /* ShipView.swift in Sources */ = {isa = PBXBuildFile; fileRef = 5418F2352256D48500BCDFD1 /* ShipView.swift */; };
		5418F2382256DF8800BCDFD1 /* Asteroids.swift in Sources */ = {isa = PBXBuildFile; fileRef = 5418F2372256DF8800BCDFD1 /* Asteroids.swift */; };
		545AC5F122692C7D00626533 /* LaserView.swift in Sources */ = {isa = PBXBuildFile; fileRef = 545AC5F022692C7D00626533 /* LaserView.swift */; };
		545AC5F4226A9D6700626533 /* Constants.swift in Sources */ = {isa = PBXBuildFile; fileRef = 545AC5F3226A9D6700626533 /* Constants.swift */; };
		54BCCF662265553D001B5EE1 /* MediumAsteroidView.swift in Sources */ = {isa = PBXBuildFile; fileRef = 54BCCF652265553D001B5EE1 /* MediumAsteroidView.swift */; };
		54BCCF68226558E4001B5EE1 /* SmallAsteroidView.swift in Sources */ = {isa = PBXBuildFile; fileRef = 54BCCF67226558E4001B5EE1 /* SmallAsteroidView.swift */; };
		54BCCF7222656F35001B5EE1 /* galaxy.jpeg in Resources */ = {isa = PBXBuildFile; fileRef = 54BCCF7122656F34001B5EE1 /* galaxy.jpeg */; };
		54BCCF74226578DF001B5EE1 /* stars.jpg in Resources */ = {isa = PBXBuildFile; fileRef = 54BCCF73226578DF001B5EE1 /* stars.jpg */; };
		54BCCF7822658806001B5EE1 /* Future-Earth.ttf in Resources */ = {isa = PBXBuildFile; fileRef = 54BCCF7722658805001B5EE1 /* Future-Earth.ttf */; };
		54EC9C4722593945005E5E30 /* HomeView.swift in Sources */ = {isa = PBXBuildFile; fileRef = 54EC9C4622593945005E5E30 /* HomeView.swift */; };
		54EC9C4922593985005E5E30 /* HomeViewController.swift in Sources */ = {isa = PBXBuildFile; fileRef = 54EC9C4822593985005E5E30 /* HomeViewController.swift */; };
		54EC9C4B225939C6005E5E30 /* HighScoreView.swift in Sources */ = {isa = PBXBuildFile; fileRef = 54EC9C4A225939C6005E5E30 /* HighScoreView.swift */; };
		54EC9C4D225939EB005E5E30 /* HighScoreViewController.swift in Sources */ = {isa = PBXBuildFile; fileRef = 54EC9C4C225939EB005E5E30 /* HighScoreViewController.swift */; };
		54EC9C5122595015005E5E30 /* HighScoreViewTableCell.swift in Sources */ = {isa = PBXBuildFile; fileRef = 54EC9C5022595015005E5E30 /* HighScoreViewTableCell.swift */; };
		54EC9C5322595641005E5E30 /* HighScore.swift in Sources */ = {isa = PBXBuildFile; fileRef = 54EC9C5222595641005E5E30 /* HighScore.swift */; };
/* End PBXBuildFile section */

/* Begin PBXFileReference section */
		5408D583225FE5F0000FAA09 /* LargeAsteroidView.swift */ = {isa = PBXFileReference; lastKnownFileType = sourcecode.swift; path = LargeAsteroidView.swift; sourceTree = "<group>"; };
		5418F21C2256D32600BCDFD1 /* Asteroids.app */ = {isa = PBXFileReference; explicitFileType = wrapper.application; includeInIndex = 0; path = Asteroids.app; sourceTree = BUILT_PRODUCTS_DIR; };
		5418F21F2256D32600BCDFD1 /* AppDelegate.swift */ = {isa = PBXFileReference; lastKnownFileType = sourcecode.swift; path = AppDelegate.swift; sourceTree = "<group>"; };
		5418F2262256D32800BCDFD1 /* Assets.xcassets */ = {isa = PBXFileReference; lastKnownFileType = folder.assetcatalog; path = Assets.xcassets; sourceTree = "<group>"; };
		5418F2292256D32800BCDFD1 /* Base */ = {isa = PBXFileReference; lastKnownFileType = file.storyboard; name = Base; path = Base.lproj/LaunchScreen.storyboard; sourceTree = "<group>"; };
		5418F22B2256D32800BCDFD1 /* Info.plist */ = {isa = PBXFileReference; lastKnownFileType = text.plist.xml; path = Info.plist; sourceTree = "<group>"; };
		5418F2312256D35700BCDFD1 /* GameView.swift */ = {isa = PBXFileReference; lastKnownFileType = sourcecode.swift; path = GameView.swift; sourceTree = "<group>"; };
		5418F2332256D37100BCDFD1 /* GameViewController.swift */ = {isa = PBXFileReference; lastKnownFileType = sourcecode.swift; path = GameViewController.swift; sourceTree = "<group>"; };
		5418F2352256D48500BCDFD1 /* ShipView.swift */ = {isa = PBXFileReference; lastKnownFileType = sourcecode.swift; path = ShipView.swift; sourceTree = "<group>"; };
		5418F2372256DF8800BCDFD1 /* Asteroids.swift */ = {isa = PBXFileReference; lastKnownFileType = sourcecode.swift; path = Asteroids.swift; sourceTree = "<group>"; };
		545AC5F022692C7D00626533 /* LaserView.swift */ = {isa = PBXFileReference; lastKnownFileType = sourcecode.swift; path = LaserView.swift; sourceTree = "<group>"; };
		545AC5F3226A9D6700626533 /* Constants.swift */ = {isa = PBXFileReference; lastKnownFileType = sourcecode.swift; path = Constants.swift; sourceTree = "<group>"; };
		54BCCF652265553D001B5EE1 /* MediumAsteroidView.swift */ = {isa = PBXFileReference; lastKnownFileType = sourcecode.swift; path = MediumAsteroidView.swift; sourceTree = "<group>"; };
		54BCCF67226558E4001B5EE1 /* SmallAsteroidView.swift */ = {isa = PBXFileReference; lastKnownFileType = sourcecode.swift; path = SmallAsteroidView.swift; sourceTree = "<group>"; };
		54BCCF7122656F34001B5EE1 /* galaxy.jpeg */ = {isa = PBXFileReference; lastKnownFileType = image.jpeg; path = galaxy.jpeg; sourceTree = "<group>"; };
		54BCCF73226578DF001B5EE1 /* stars.jpg */ = {isa = PBXFileReference; lastKnownFileType = image.jpeg; path = stars.jpg; sourceTree = "<group>"; };
		54BCCF7722658805001B5EE1 /* Future-Earth.ttf */ = {isa = PBXFileReference; lastKnownFileType = file; path = "Future-Earth.ttf"; sourceTree = "<group>"; };
		54EC9C4622593945005E5E30 /* HomeView.swift */ = {isa = PBXFileReference; lastKnownFileType = sourcecode.swift; path = HomeView.swift; sourceTree = "<group>"; };
		54EC9C4822593985005E5E30 /* HomeViewController.swift */ = {isa = PBXFileReference; lastKnownFileType = sourcecode.swift; path = HomeViewController.swift; sourceTree = "<group>"; };
		54EC9C4A225939C6005E5E30 /* HighScoreView.swift */ = {isa = PBXFileReference; lastKnownFileType = sourcecode.swift; path = HighScoreView.swift; sourceTree = "<group>"; };
		54EC9C4C225939EB005E5E30 /* HighScoreViewController.swift */ = {isa = PBXFileReference; lastKnownFileType = sourcecode.swift; path = HighScoreViewController.swift; sourceTree = "<group>"; };
		54EC9C5022595015005E5E30 /* HighScoreViewTableCell.swift */ = {isa = PBXFileReference; lastKnownFileType = sourcecode.swift; path = HighScoreViewTableCell.swift; sourceTree = "<group>"; };
		54EC9C5222595641005E5E30 /* HighScore.swift */ = {isa = PBXFileReference; lastKnownFileType = sourcecode.swift; path = HighScore.swift; sourceTree = "<group>"; };
/* End PBXFileReference section */

/* Begin PBXFrameworksBuildPhase section */
		5418F2192256D32600BCDFD1 /* Frameworks */ = {
			isa = PBXFrameworksBuildPhase;
			buildActionMask = 2147483647;
			files = (
			);
			runOnlyForDeploymentPostprocessing = 0;
		};
/* End PBXFrameworksBuildPhase section */

/* Begin PBXGroup section */
		5418F2132256D32600BCDFD1 = {
			isa = PBXGroup;
			children = (
				5418F21E2256D32600BCDFD1 /* Asteroids */,
				5418F21D2256D32600BCDFD1 /* Products */,
			);
			sourceTree = "<group>";
		};
		5418F21D2256D32600BCDFD1 /* Products */ = {
			isa = PBXGroup;
			children = (
				5418F21C2256D32600BCDFD1 /* Asteroids.app */,
			);
			name = Products;
			sourceTree = "<group>";
		};
		5418F21E2256D32600BCDFD1 /* Asteroids */ = {
			isa = PBXGroup;
			children = (
				5418F21F2256D32600BCDFD1 /* AppDelegate.swift */,
				5418F2262256D32800BCDFD1 /* Assets.xcassets */,
				5418F2282256D32800BCDFD1 /* LaunchScreen.storyboard */,
				5418F22B2256D32800BCDFD1 /* Info.plist */,
				54BCCF7922658817001B5EE1 /* Fonts */,
				54BCCF6A22656C14001B5EE1 /* Images */,
				54EC9C452259389E005E5E30 /* Models */,
				54EC9C4422593897005E5E30 /* Views */,
				54EC9C4122593853005E5E30 /* Controllers */,
				545AC5F2226A9CE200626533 /* Constants */,
			);
			path = Asteroids;
			sourceTree = "<group>";
		};
		545AC5F2226A9CE200626533 /* Constants */ = {
			isa = PBXGroup;
			children = (
				545AC5F3226A9D6700626533 /* Constants.swift */,
			);
			path = Constants;
			sourceTree = "<group>";
		};
		54BCCF6A22656C14001B5EE1 /* Images */ = {
			isa = PBXGroup;
			children = (
				54BCCF73226578DF001B5EE1 /* stars.jpg */,
				54BCCF7122656F34001B5EE1 /* galaxy.jpeg */,
			);
			path = Images;
			sourceTree = "<group>";
		};
		54BCCF7922658817001B5EE1 /* Fonts */ = {
			isa = PBXGroup;
			children = (
				54BCCF7722658805001B5EE1 /* Future-Earth.ttf */,
			);
			path = Fonts;
			sourceTree = "<group>";
		};
		54EC9C4122593853005E5E30 /* Controllers */ = {
			isa = PBXGroup;
			children = (
				5418F2332256D37100BCDFD1 /* GameViewController.swift */,
				54EC9C4822593985005E5E30 /* HomeViewController.swift */,
				54EC9C4C225939EB005E5E30 /* HighScoreViewController.swift */,
			);
			path = Controllers;
			sourceTree = "<group>";
		};
		54EC9C4422593897005E5E30 /* Views */ = {
			isa = PBXGroup;
			children = (
				5418F2312256D35700BCDFD1 /* GameView.swift */,
				54EC9C4622593945005E5E30 /* HomeView.swift */,
				54EC9C4A225939C6005E5E30 /* HighScoreView.swift */,
				54EC9C5022595015005E5E30 /* HighScoreViewTableCell.swift */,
				5418F2352256D48500BCDFD1 /* ShipView.swift */,
				5408D583225FE5F0000FAA09 /* LargeAsteroidView.swift */,
				54BCCF652265553D001B5EE1 /* MediumAsteroidView.swift */,
				54BCCF67226558E4001B5EE1 /* SmallAsteroidView.swift */,
				545AC5F022692C7D00626533 /* LaserView.swift */,
			);
			path = Views;
			sourceTree = "<group>";
		};
		54EC9C452259389E005E5E30 /* Models */ = {
			isa = PBXGroup;
			children = (
				5418F2372256DF8800BCDFD1 /* Asteroids.swift */,
				54EC9C5222595641005E5E30 /* HighScore.swift */,
			);
			path = Models;
			sourceTree = "<group>";
		};
/* End PBXGroup section */

/* Begin PBXNativeTarget section */
		5418F21B2256D32600BCDFD1 /* Asteroids */ = {
			isa = PBXNativeTarget;
			buildConfigurationList = 5418F22E2256D32800BCDFD1 /* Build configuration list for PBXNativeTarget "Asteroids" */;
			buildPhases = (
				5418F2182256D32600BCDFD1 /* Sources */,
				5418F2192256D32600BCDFD1 /* Frameworks */,
				5418F21A2256D32600BCDFD1 /* Resources */,
			);
			buildRules = (
			);
			dependencies = (
			);
			name = Asteroids;
			productName = Asteroids;
			productReference = 5418F21C2256D32600BCDFD1 /* Asteroids.app */;
			productType = "com.apple.product-type.application";
		};
/* End PBXNativeTarget section */

/* Begin PBXProject section */
		5418F2142256D32600BCDFD1 /* Project object */ = {
			isa = PBXProject;
			attributes = {
				LastSwiftUpdateCheck = 1010;
				LastUpgradeCheck = 1010;
				ORGANIZATIONNAME = "Brandon Ward";
				TargetAttributes = {
					5418F21B2256D32600BCDFD1 = {
						CreatedOnToolsVersion = 10.1;
					};
				};
			};
			buildConfigurationList = 5418F2172256D32600BCDFD1 /* Build configuration list for PBXProject "Asteroids" */;
			compatibilityVersion = "Xcode 9.3";
			developmentRegion = en;
			hasScannedForEncodings = 0;
			knownRegions = (
				en,
				Base,
			);
			mainGroup = 5418F2132256D32600BCDFD1;
			productRefGroup = 5418F21D2256D32600BCDFD1 /* Products */;
			projectDirPath = "";
			projectRoot = "";
			targets = (
				5418F21B2256D32600BCDFD1 /* Asteroids */,
			);
		};
/* End PBXProject section */

/* Begin PBXResourcesBuildPhase section */
		5418F21A2256D32600BCDFD1 /* Resources */ = {
			isa = PBXResourcesBuildPhase;
			buildActionMask = 2147483647;
			files = (
				54BCCF7222656F35001B5EE1 /* galaxy.jpeg in Resources */,
				54BCCF7822658806001B5EE1 /* Future-Earth.ttf in Resources */,
				54BCCF74226578DF001B5EE1 /* stars.jpg in Resources */,
				5418F22A2256D32800BCDFD1 /* LaunchScreen.storyboard in Resources */,
				5418F2272256D32800BCDFD1 /* Assets.xcassets in Resources */,
			);
			runOnlyForDeploymentPostprocessing = 0;
		};
/* End PBXResourcesBuildPhase section */

/* Begin PBXSourcesBuildPhase section */
		5418F2182256D32600BCDFD1 /* Sources */ = {
			isa = PBXSourcesBuildPhase;
			buildActionMask = 2147483647;
			files = (
				54BCCF662265553D001B5EE1 /* MediumAsteroidView.swift in Sources */,
				5418F2382256DF8800BCDFD1 /* Asteroids.swift in Sources */,
				5418F2362256D48500BCDFD1 /* ShipView.swift in Sources */,
				54EC9C5122595015005E5E30 /* HighScoreViewTableCell.swift in Sources */,
				5408D584225FE5F0000FAA09 /* LargeAsteroidView.swift in Sources */,
				5418F2322256D35700BCDFD1 /* GameView.swift in Sources */,
				54EC9C4722593945005E5E30 /* HomeView.swift in Sources */,
				545AC5F4226A9D6700626533 /* Constants.swift in Sources */,
				545AC5F122692C7D00626533 /* LaserView.swift in Sources */,
				54EC9C5322595641005E5E30 /* HighScore.swift in Sources */,
				5418F2342256D37100BCDFD1 /* GameViewController.swift in Sources */,
				54EC9C4B225939C6005E5E30 /* HighScoreView.swift in Sources */,
				54EC9C4922593985005E5E30 /* HomeViewController.swift in Sources */,
				54BCCF68226558E4001B5EE1 /* SmallAsteroidView.swift in Sources */,
				5418F2202256D32600BCDFD1 /* AppDelegate.swift in Sources */,
				54EC9C4D225939EB005E5E30 /* HighScoreViewController.swift in Sources */,
			);
			runOnlyForDeploymentPostprocessing = 0;
		};
/* End PBXSourcesBuildPhase section */

/* Begin PBXVariantGroup section */
		5418F2282256D32800BCDFD1 /* LaunchScreen.storyboard */ = {
			isa = PBXVariantGroup;
			children = (
				5418F2292256D32800BCDFD1 /* Base */,
			);
			name = LaunchScreen.storyboard;
			sourceTree = "<group>";
		};
/* End PBXVariantGroup section */

/* Begin XCBuildConfiguration section */
		5418F22C2256D32800BCDFD1 /* Debug */ = {
			isa = XCBuildConfiguration;
			buildSettings = {
				ALWAYS_SEARCH_USER_PATHS = NO;
				CLANG_ANALYZER_NONNULL = YES;
				CLANG_ANALYZER_NUMBER_OBJECT_CONVERSION = YES_AGGRESSIVE;
				CLANG_CXX_LANGUAGE_STANDARD = "gnu++14";
				CLANG_CXX_LIBRARY = "libc++";
				CLANG_ENABLE_MODULES = YES;
				CLANG_ENABLE_OBJC_ARC = YES;
				CLANG_ENABLE_OBJC_WEAK = YES;
				CLANG_WARN_BLOCK_CAPTURE_AUTORELEASING = YES;
				CLANG_WARN_BOOL_CONVERSION = YES;
				CLANG_WARN_COMMA = YES;
				CLANG_WARN_CONSTANT_CONVERSION = YES;
				CLANG_WARN_DEPRECATED_OBJC_IMPLEMENTATIONS = YES;
				CLANG_WARN_DIRECT_OBJC_ISA_USAGE = YES_ERROR;
				CLANG_WARN_DOCUMENTATION_COMMENTS = YES;
				CLANG_WARN_EMPTY_BODY = YES;
				CLANG_WARN_ENUM_CONVERSION = YES;
				CLANG_WARN_INFINITE_RECURSION = YES;
				CLANG_WARN_INT_CONVERSION = YES;
				CLANG_WARN_NON_LITERAL_NULL_CONVERSION = YES;
				CLANG_WARN_OBJC_IMPLICIT_RETAIN_SELF = YES;
				CLANG_WARN_OBJC_LITERAL_CONVERSION = YES;
				CLANG_WARN_OBJC_ROOT_CLASS = YES_ERROR;
				CLANG_WARN_RANGE_LOOP_ANALYSIS = YES;
				CLANG_WARN_STRICT_PROTOTYPES = YES;
				CLANG_WARN_SUSPICIOUS_MOVE = YES;
				CLANG_WARN_UNGUARDED_AVAILABILITY = YES_AGGRESSIVE;
				CLANG_WARN_UNREACHABLE_CODE = YES;
				CLANG_WARN__DUPLICATE_METHOD_MATCH = YES;
				CODE_SIGN_IDENTITY = "iPhone Developer";
				COPY_PHASE_STRIP = NO;
				DEBUG_INFORMATION_FORMAT = dwarf;
				ENABLE_STRICT_OBJC_MSGSEND = YES;
				ENABLE_TESTABILITY = YES;
				GCC_C_LANGUAGE_STANDARD = gnu11;
				GCC_DYNAMIC_NO_PIC = NO;
				GCC_NO_COMMON_BLOCKS = YES;
				GCC_OPTIMIZATION_LEVEL = 0;
				GCC_PREPROCESSOR_DEFINITIONS = (
					"DEBUG=1",
					"$(inherited)",
				);
				GCC_WARN_64_TO_32_BIT_CONVERSION = YES;
				GCC_WARN_ABOUT_RETURN_TYPE = YES_ERROR;
				GCC_WARN_UNDECLARED_SELECTOR = YES;
				GCC_WARN_UNINITIALIZED_AUTOS = YES_AGGRESSIVE;
				GCC_WARN_UNUSED_FUNCTION = YES;
				GCC_WARN_UNUSED_VARIABLE = YES;
				IPHONEOS_DEPLOYMENT_TARGET = 12.1;
				MTL_ENABLE_DEBUG_INFO = INCLUDE_SOURCE;
				MTL_FAST_MATH = YES;
				ONLY_ACTIVE_ARCH = YES;
				SDKROOT = iphoneos;
				SWIFT_ACTIVE_COMPILATION_CONDITIONS = DEBUG;
				SWIFT_OPTIMIZATION_LEVEL = "-Onone";
			};
			name = Debug;
		};
		5418F22D2256D32800BCDFD1 /* Release */ = {
			isa = XCBuildConfiguration;
			buildSettings = {
				ALWAYS_SEARCH_USER_PATHS = NO;
				CLANG_ANALYZER_NONNULL = YES;
				CLANG_ANALYZER_NUMBER_OBJECT_CONVERSION = YES_AGGRESSIVE;
				CLANG_CXX_LANGUAGE_STANDARD = "gnu++14";
				CLANG_CXX_LIBRARY = "libc++";
				CLANG_ENABLE_MODULES = YES;
				CLANG_ENABLE_OBJC_ARC = YES;
				CLANG_ENABLE_OBJC_WEAK = YES;
				CLANG_WARN_BLOCK_CAPTURE_AUTORELEASING = YES;
				CLANG_WARN_BOOL_CONVERSION = YES;
				CLANG_WARN_COMMA = YES;
				CLANG_WARN_CONSTANT_CONVERSION = YES;
				CLANG_WARN_DEPRECATED_OBJC_IMPLEMENTATIONS = YES;
				CLANG_WARN_DIRECT_OBJC_ISA_USAGE = YES_ERROR;
				CLANG_WARN_DOCUMENTATION_COMMENTS = YES;
				CLANG_WARN_EMPTY_BODY = YES;
				CLANG_WARN_ENUM_CONVERSION = YES;
				CLANG_WARN_INFINITE_RECURSION = YES;
				CLANG_WARN_INT_CONVERSION = YES;
				CLANG_WARN_NON_LITERAL_NULL_CONVERSION = YES;
				CLANG_WARN_OBJC_IMPLICIT_RETAIN_SELF = YES;
				CLANG_WARN_OBJC_LITERAL_CONVERSION = YES;
				CLANG_WARN_OBJC_ROOT_CLASS = YES_ERROR;
				CLANG_WARN_RANGE_LOOP_ANALYSIS = YES;
				CLANG_WARN_STRICT_PROTOTYPES = YES;
				CLANG_WARN_SUSPICIOUS_MOVE = YES;
				CLANG_WARN_UNGUARDED_AVAILABILITY = YES_AGGRESSIVE;
				CLANG_WARN_UNREACHABLE_CODE = YES;
				CLANG_WARN__DUPLICATE_METHOD_MATCH = YES;
				CODE_SIGN_IDENTITY = "iPhone Developer";
				COPY_PHASE_STRIP = NO;
				DEBUG_INFORMATION_FORMAT = "dwarf-with-dsym";
				ENABLE_NS_ASSERTIONS = NO;
				ENABLE_STRICT_OBJC_MSGSEND = YES;
				GCC_C_LANGUAGE_STANDARD = gnu11;
				GCC_NO_COMMON_BLOCKS = YES;
				GCC_WARN_64_TO_32_BIT_CONVERSION = YES;
				GCC_WARN_ABOUT_RETURN_TYPE = YES_ERROR;
				GCC_WARN_UNDECLARED_SELECTOR = YES;
				GCC_WARN_UNINITIALIZED_AUTOS = YES_AGGRESSIVE;
				GCC_WARN_UNUSED_FUNCTION = YES;
				GCC_WARN_UNUSED_VARIABLE = YES;
				IPHONEOS_DEPLOYMENT_TARGET = 12.1;
				MTL_ENABLE_DEBUG_INFO = NO;
				MTL_FAST_MATH = YES;
				SDKROOT = iphoneos;
				SWIFT_COMPILATION_MODE = wholemodule;
				SWIFT_OPTIMIZATION_LEVEL = "-O";
				VALIDATE_PRODUCT = YES;
			};
			name = Release;
		};
		5418F22F2256D32800BCDFD1 /* Debug */ = {
			isa = XCBuildConfiguration;
			buildSettings = {
				ASSETCATALOG_COMPILER_APPICON_NAME = AppIcon;
				CODE_SIGN_STYLE = Automatic;
				DEVELOPMENT_TEAM = 534QMCJ57L;
				INFOPLIST_FILE = Asteroids/Info.plist;
				LD_RUNPATH_SEARCH_PATHS = (
					"$(inherited)",
					"@executable_path/Frameworks",
				);
				PRODUCT_BUNDLE_IDENTIFIER = com.brandonward.Asteroids;
				PRODUCT_NAME = "$(TARGET_NAME)";
				SWIFT_VERSION = 4.2;
				TARGETED_DEVICE_FAMILY = "1,2";
			};
			name = Debug;
		};
		5418F2302256D32800BCDFD1 /* Release */ = {
			isa = XCBuildConfiguration;
			buildSettings = {
				ASSETCATALOG_COMPILER_APPICON_NAME = AppIcon;
				CODE_SIGN_STYLE = Automatic;
				DEVELOPMENT_TEAM = 534QMCJ57L;
				INFOPLIST_FILE = Asteroids/Info.plist;
				LD_RUNPATH_SEARCH_PATHS = (
					"$(inherited)",
					"@executable_path/Frameworks",
				);
				PRODUCT_BUNDLE_IDENTIFIER = com.brandonward.Asteroids;
				PRODUCT_NAME = "$(TARGET_NAME)";
				SWIFT_VERSION = 4.2;
				TARGETED_DEVICE_FAMILY = "1,2";
			};
			name = Release;
		};
/* End XCBuildConfiguration section */

/* Begin XCConfigurationList section */
		5418F2172256D32600BCDFD1 /* Build configuration list for PBXProject "Asteroids" */ = {
			isa = XCConfigurationList;
			buildConfigurations = (
				5418F22C2256D32800BCDFD1 /* Debug */,
				5418F22D2256D32800BCDFD1 /* Release */,
			);
			defaultConfigurationIsVisible = 0;
			defaultConfigurationName = Release;
		};
		5418F22E2256D32800BCDFD1 /* Build configuration list for PBXNativeTarget "Asteroids" */ = {
			isa = XCConfigurationList;
			buildConfigurations = (
				5418F22F2256D32800BCDFD1 /* Debug */,
				5418F2302256D32800BCDFD1 /* Release */,
			);
			defaultConfigurationIsVisible = 0;
			defaultConfigurationName = Release;
		};
/* End XCConfigurationList section */
	};
	rootObject = 5418F2142256D32600BCDFD1 /* Project object */;
}
